// !$*UTF8*$!
{
	archiveVersion = 1;
	classes = {
	};
	objectVersion = 56;
	objects = {

/* Begin PBXBuildFile section */
		AE1E19D42B94E0A9000EFCBE /* AppDelegate.swift in Sources */ = {isa = PBXBuildFile; fileRef = AE1E19D32B94E0A9000EFCBE /* AppDelegate.swift */; };
		AE1E19D62B94E0A9000EFCBE /* SceneDelegate.swift in Sources */ = {isa = PBXBuildFile; fileRef = AE1E19D52B94E0A9000EFCBE /* SceneDelegate.swift */; };
		AE1E19D82B94E0A9000EFCBE /* ViewController.swift in Sources */ = {isa = PBXBuildFile; fileRef = AE1E19D72B94E0A9000EFCBE /* ViewController.swift */; };
		AE1E19DB2B94E0A9000EFCBE /* Main.storyboard in Resources */ = {isa = PBXBuildFile; fileRef = AE1E19D92B94E0A9000EFCBE /* Main.storyboard */; };
		AE1E19DD2B94E0AB000EFCBE /* Assets.xcassets in Resources */ = {isa = PBXBuildFile; fileRef = AE1E19DC2B94E0AB000EFCBE /* Assets.xcassets */; };
		AE1E19E02B94E0AB000EFCBE /* LaunchScreen.storyboard in Resources */ = {isa = PBXBuildFile; fileRef = AE1E19DE2B94E0AB000EFCBE /* LaunchScreen.storyboard */; };
		AE1E19EB2B94E0AC000EFCBE /* Storyboard_lesson_01Tests.swift in Sources */ = {isa = PBXBuildFile; fileRef = AE1E19EA2B94E0AC000EFCBE /* Storyboard_lesson_01Tests.swift */; };
		AE1E19F52B94E0AC000EFCBE /* Storyboard_lesson_01UITests.swift in Sources */ = {isa = PBXBuildFile; fileRef = AE1E19F42B94E0AC000EFCBE /* Storyboard_lesson_01UITests.swift */; };
		AE1E19F72B94E0AC000EFCBE /* Storyboard_lesson_01UITestsLaunchTests.swift in Sources */ = {isa = PBXBuildFile; fileRef = AE1E19F62B94E0AC000EFCBE /* Storyboard_lesson_01UITestsLaunchTests.swift */; };
/* End PBXBuildFile section */

/* Begin PBXContainerItemProxy section */
		AE1E19E72B94E0AC000EFCBE /* PBXContainerItemProxy */ = {
			isa = PBXContainerItemProxy;
			containerPortal = AE1E19C82B94E0A9000EFCBE /* Project object */;
			proxyType = 1;
			remoteGlobalIDString = AE1E19CF2B94E0A9000EFCBE;
			remoteInfo = Storyboard_lesson_01;
		};
		AE1E19F12B94E0AC000EFCBE /* PBXContainerItemProxy */ = {
			isa = PBXContainerItemProxy;
			containerPortal = AE1E19C82B94E0A9000EFCBE /* Project object */;
			proxyType = 1;
			remoteGlobalIDString = AE1E19CF2B94E0A9000EFCBE;
			remoteInfo = Storyboard_lesson_01;
		};
/* End PBXContainerItemProxy section */

/* Begin PBXFileReference section */
		AE1E19D02B94E0A9000EFCBE /* Storyboard_lesson_01.app */ = {isa = PBXFileReference; explicitFileType = wrapper.application; includeInIndex = 0; path = Storyboard_lesson_01.app; sourceTree = BUILT_PRODUCTS_DIR; };
		AE1E19D32B94E0A9000EFCBE /* AppDelegate.swift */ = {isa = PBXFileReference; lastKnownFileType = sourcecode.swift; path = AppDelegate.swift; sourceTree = "<group>"; };
		AE1E19D52B94E0A9000EFCBE /* SceneDelegate.swift */ = {isa = PBXFileReference; lastKnownFileType = sourcecode.swift; path = SceneDelegate.swift; sourceTree = "<group>"; };
		AE1E19D72B94E0A9000EFCBE /* ViewController.swift */ = {isa = PBXFileReference; lastKnownFileType = sourcecode.swift; path = ViewController.swift; sourceTree = "<group>"; };
		AE1E19DA2B94E0A9000EFCBE /* Base */ = {isa = PBXFileReference; lastKnownFileType = file.storyboard; name = Base; path = Base.lproj/Main.storyboard; sourceTree = "<group>"; };
		AE1E19DC2B94E0AB000EFCBE /* Assets.xcassets */ = {isa = PBXFileReference; lastKnownFileType = folder.assetcatalog; path = Assets.xcassets; sourceTree = "<group>"; };
		AE1E19DF2B94E0AB000EFCBE /* Base */ = {isa = PBXFileReference; lastKnownFileType = file.storyboard; name = Base; path = Base.lproj/LaunchScreen.storyboard; sourceTree = "<group>"; };
		AE1E19E12B94E0AB000EFCBE /* Info.plist */ = {isa = PBXFileReference; lastKnownFileType = text.plist.xml; path = Info.plist; sourceTree = "<group>"; };
		AE1E19E62B94E0AC000EFCBE /* Storyboard_lesson_01Tests.xctest */ = {isa = PBXFileReference; explicitFileType = wrapper.cfbundle; includeInIndex = 0; path = Storyboard_lesson_01Tests.xctest; sourceTree = BUILT_PRODUCTS_DIR; };
		AE1E19EA2B94E0AC000EFCBE /* Storyboard_lesson_01Tests.swift */ = {isa = PBXFileReference; lastKnownFileType = sourcecode.swift; path = Storyboard_lesson_01Tests.swift; sourceTree = "<group>"; };
		AE1E19F02B94E0AC000EFCBE /* Storyboard_lesson_01UITests.xctest */ = {isa = PBXFileReference; explicitFileType = wrapper.cfbundle; includeInIndex = 0; path = Storyboard_lesson_01UITests.xctest; sourceTree = BUILT_PRODUCTS_DIR; };
		AE1E19F42B94E0AC000EFCBE /* Storyboard_lesson_01UITests.swift */ = {isa = PBXFileReference; lastKnownFileType = sourcecode.swift; path = Storyboard_lesson_01UITests.swift; sourceTree = "<group>"; };
		AE1E19F62B94E0AC000EFCBE /* Storyboard_lesson_01UITestsLaunchTests.swift */ = {isa = PBXFileReference; lastKnownFileType = sourcecode.swift; path = Storyboard_lesson_01UITestsLaunchTests.swift; sourceTree = "<group>"; };
/* End PBXFileReference section */

/* Begin PBXFrameworksBuildPhase section */
		AE1E19CD2B94E0A9000EFCBE /* Frameworks */ = {
			isa = PBXFrameworksBuildPhase;
			buildActionMask = 2147483647;
			files = (
			);
			runOnlyForDeploymentPostprocessing = 0;
		};
		AE1E19E32B94E0AC000EFCBE /* Frameworks */ = {
			isa = PBXFrameworksBuildPhase;
			buildActionMask = 2147483647;
			files = (
			);
			runOnlyForDeploymentPostprocessing = 0;
		};
		AE1E19ED2B94E0AC000EFCBE /* Frameworks */ = {
			isa = PBXFrameworksBuildPhase;
			buildActionMask = 2147483647;
			files = (
			);
			runOnlyForDeploymentPostprocessing = 0;
		};
/* End PBXFrameworksBuildPhase section */

/* Begin PBXGroup section */
		AE1E19C72B94E0A9000EFCBE = {
			isa = PBXGroup;
			children = (
				AE1E19D22B94E0A9000EFCBE /* Storyboard_lesson_01 */,
				AE1E19E92B94E0AC000EFCBE /* Storyboard_lesson_01Tests */,
				AE1E19F32B94E0AC000EFCBE /* Storyboard_lesson_01UITests */,
				AE1E19D12B94E0A9000EFCBE /* Products */,
			);
			sourceTree = "<group>";
		};
		AE1E19D12B94E0A9000EFCBE /* Products */ = {
			isa = PBXGroup;
			children = (
				AE1E19D02B94E0A9000EFCBE /* Storyboard_lesson_01.app */,
				AE1E19E62B94E0AC000EFCBE /* Storyboard_lesson_01Tests.xctest */,
				AE1E19F02B94E0AC000EFCBE /* Storyboard_lesson_01UITests.xctest */,
			);
			name = Products;
			sourceTree = "<group>";
		};
		AE1E19D22B94E0A9000EFCBE /* Storyboard_lesson_01 */ = {
			isa = PBXGroup;
			children = (
				AE1E19D32B94E0A9000EFCBE /* AppDelegate.swift */,
				AE1E19D52B94E0A9000EFCBE /* SceneDelegate.swift */,
				AE1E19D72B94E0A9000EFCBE /* ViewController.swift */,
				AE1E19D92B94E0A9000EFCBE /* Main.storyboard */,
				AE1E19DC2B94E0AB000EFCBE /* Assets.xcassets */,
				AE1E19DE2B94E0AB000EFCBE /* LaunchScreen.storyboard */,
				AE1E19E12B94E0AB000EFCBE /* Info.plist */,
			);
			path = Storyboard_lesson_01;
			sourceTree = "<group>";
		};
		AE1E19E92B94E0AC000EFCBE /* Storyboard_lesson_01Tests */ = {
			isa = PBXGroup;
			children = (
				AE1E19EA2B94E0AC000EFCBE /* Storyboard_lesson_01Tests.swift */,
			);
			path = Storyboard_lesson_01Tests;
			sourceTree = "<group>";
		};
		AE1E19F32B94E0AC000EFCBE /* Storyboard_lesson_01UITests */ = {
			isa = PBXGroup;
			children = (
				AE1E19F42B94E0AC000EFCBE /* Storyboard_lesson_01UITests.swift */,
				AE1E19F62B94E0AC000EFCBE /* Storyboard_lesson_01UITestsLaunchTests.swift */,
			);
			path = Storyboard_lesson_01UITests;
			sourceTree = "<group>";
		};
/* End PBXGroup section */

/* Begin PBXNativeTarget section */
		AE1E19CF2B94E0A9000EFCBE /* Storyboard_lesson_01 */ = {
			isa = PBXNativeTarget;
			buildConfigurationList = AE1E19FA2B94E0AC000EFCBE /* Build configuration list for PBXNativeTarget "Storyboard_lesson_01" */;
			buildPhases = (
				AE1E19CC2B94E0A9000EFCBE /* Sources */,
				AE1E19CD2B94E0A9000EFCBE /* Frameworks */,
				AE1E19CE2B94E0A9000EFCBE /* Resources */,
			);
			buildRules = (
			);
			dependencies = (
			);
			name = Storyboard_lesson_01;
			productName = Storyboard_lesson_01;
			productReference = AE1E19D02B94E0A9000EFCBE /* Storyboard_lesson_01.app */;
			productType = "com.apple.product-type.application";
		};
		AE1E19E52B94E0AC000EFCBE /* Storyboard_lesson_01Tests */ = {
			isa = PBXNativeTarget;
			buildConfigurationList = AE1E19FD2B94E0AC000EFCBE /* Build configuration list for PBXNativeTarget "Storyboard_lesson_01Tests" */;
			buildPhases = (
				AE1E19E22B94E0AC000EFCBE /* Sources */,
				AE1E19E32B94E0AC000EFCBE /* Frameworks */,
				AE1E19E42B94E0AC000EFCBE /* Resources */,
			);
			buildRules = (
			);
			dependencies = (
				AE1E19E82B94E0AC000EFCBE /* PBXTargetDependency */,
			);
			name = Storyboard_lesson_01Tests;
			productName = Storyboard_lesson_01Tests;
			productReference = AE1E19E62B94E0AC000EFCBE /* Storyboard_lesson_01Tests.xctest */;
			productType = "com.apple.product-type.bundle.unit-test";
		};
		AE1E19EF2B94E0AC000EFCBE /* Storyboard_lesson_01UITests */ = {
			isa = PBXNativeTarget;
			buildConfigurationList = AE1E1A002B94E0AC000EFCBE /* Build configuration list for PBXNativeTarget "Storyboard_lesson_01UITests" */;
			buildPhases = (
				AE1E19EC2B94E0AC000EFCBE /* Sources */,
				AE1E19ED2B94E0AC000EFCBE /* Frameworks */,
				AE1E19EE2B94E0AC000EFCBE /* Resources */,
			);
			buildRules = (
			);
			dependencies = (
				AE1E19F22B94E0AC000EFCBE /* PBXTargetDependency */,
			);
			name = Storyboard_lesson_01UITests;
			productName = Storyboard_lesson_01UITests;
			productReference = AE1E19F02B94E0AC000EFCBE /* Storyboard_lesson_01UITests.xctest */;
			productType = "com.apple.product-type.bundle.ui-testing";
		};
/* End PBXNativeTarget section */

/* Begin PBXProject section */
		AE1E19C82B94E0A9000EFCBE /* Project object */ = {
			isa = PBXProject;
			attributes = {
				BuildIndependentTargetsInParallel = 1;
				LastSwiftUpdateCheck = 1420;
				LastUpgradeCheck = 1420;
				TargetAttributes = {
					AE1E19CF2B94E0A9000EFCBE = {
						CreatedOnToolsVersion = 14.2;
					};
					AE1E19E52B94E0AC000EFCBE = {
						CreatedOnToolsVersion = 14.2;
						TestTargetID = AE1E19CF2B94E0A9000EFCBE;
					};
					AE1E19EF2B94E0AC000EFCBE = {
						CreatedOnToolsVersion = 14.2;
						TestTargetID = AE1E19CF2B94E0A9000EFCBE;
					};
				};
			};
			buildConfigurationList = AE1E19CB2B94E0A9000EFCBE /* Build configuration list for PBXProject "Storyboard_lesson_01" */;
			compatibilityVersion = "Xcode 14.0";
			developmentRegion = en;
			hasScannedForEncodings = 0;
			knownRegions = (
				en,
				Base,
			);
			mainGroup = AE1E19C72B94E0A9000EFCBE;
			productRefGroup = AE1E19D12B94E0A9000EFCBE /* Products */;
			projectDirPath = "";
			projectRoot = "";
			targets = (
				AE1E19CF2B94E0A9000EFCBE /* Storyboard_lesson_01 */,
				AE1E19E52B94E0AC000EFCBE /* Storyboard_lesson_01Tests */,
				AE1E19EF2B94E0AC000EFCBE /* Storyboard_lesson_01UITests */,
			);
		};
/* End PBXProject section */

/* Begin PBXResourcesBuildPhase section */
		AE1E19CE2B94E0A9000EFCBE /* Resources */ = {
			isa = PBXResourcesBuildPhase;
			buildActionMask = 2147483647;
			files = (
				AE1E19E02B94E0AB000EFCBE /* LaunchScreen.storyboard in Resources */,
				AE1E19DD2B94E0AB000EFCBE /* Assets.xcassets in Resources */,
				AE1E19DB2B94E0A9000EFCBE /* Main.storyboard in Resources */,
			);
			runOnlyForDeploymentPostprocessing = 0;
		};
		AE1E19E42B94E0AC000EFCBE /* Resources */ = {
			isa = PBXResourcesBuildPhase;
			buildActionMask = 2147483647;
			files = (
			);
			runOnlyForDeploymentPostprocessing = 0;
		};
		AE1E19EE2B94E0AC000EFCBE /* Resources */ = {
			isa = PBXResourcesBuildPhase;
			buildActionMask = 2147483647;
			files = (
			);
			runOnlyForDeploymentPostprocessing = 0;
		};
/* End PBXResourcesBuildPhase section */

/* Begin PBXSourcesBuildPhase section */
		AE1E19CC2B94E0A9000EFCBE /* Sources */ = {
			isa = PBXSourcesBuildPhase;
			buildActionMask = 2147483647;
			files = (
				AE1E19D82B94E0A9000EFCBE /* ViewController.swift in Sources */,
				AE1E19D42B94E0A9000EFCBE /* AppDelegate.swift in Sources */,
				AE1E19D62B94E0A9000EFCBE /* SceneDelegate.swift in Sources */,
			);
			runOnlyForDeploymentPostprocessing = 0;
		};
		AE1E19E22B94E0AC000EFCBE /* Sources */ = {
			isa = PBXSourcesBuildPhase;
			buildActionMask = 2147483647;
			files = (
				AE1E19EB2B94E0AC000EFCBE /* Storyboard_lesson_01Tests.swift in Sources */,
			);
			runOnlyForDeploymentPostprocessing = 0;
		};
		AE1E19EC2B94E0AC000EFCBE /* Sources */ = {
			isa = PBXSourcesBuildPhase;
			buildActionMask = 2147483647;
			files = (
				AE1E19F72B94E0AC000EFCBE /* Storyboard_lesson_01UITestsLaunchTests.swift in Sources */,
				AE1E19F52B94E0AC000EFCBE /* Storyboard_lesson_01UITests.swift in Sources */,
			);
			runOnlyForDeploymentPostprocessing = 0;
		};
/* End PBXSourcesBuildPhase section */

/* Begin PBXTargetDependency section */
		AE1E19E82B94E0AC000EFCBE /* PBXTargetDependency */ = {
			isa = PBXTargetDependency;
			target = AE1E19CF2B94E0A9000EFCBE /* Storyboard_lesson_01 */;
			targetProxy = AE1E19E72B94E0AC000EFCBE /* PBXContainerItemProxy */;
		};
		AE1E19F22B94E0AC000EFCBE /* PBXTargetDependency */ = {
			isa = PBXTargetDependency;
			target = AE1E19CF2B94E0A9000EFCBE /* Storyboard_lesson_01 */;
			targetProxy = AE1E19F12B94E0AC000EFCBE /* PBXContainerItemProxy */;
		};
/* End PBXTargetDependency section */

/* Begin PBXVariantGroup section */
		AE1E19D92B94E0A9000EFCBE /* Main.storyboard */ = {
			isa = PBXVariantGroup;
			children = (
				AE1E19DA2B94E0A9000EFCBE /* Base */,
			);
			name = Main.storyboard;
			sourceTree = "<group>";
		};
		AE1E19DE2B94E0AB000EFCBE /* LaunchScreen.storyboard */ = {
			isa = PBXVariantGroup;
			children = (
				AE1E19DF2B94E0AB000EFCBE /* Base */,
			);
			name = LaunchScreen.storyboard;
			sourceTree = "<group>";
		};
/* End PBXVariantGroup section */

/* Begin XCBuildConfiguration section */
		AE1E19F82B94E0AC000EFCBE /* Debug */ = {
			isa = XCBuildConfiguration;
			buildSettings = {
				ALWAYS_SEARCH_USER_PATHS = NO;
				CLANG_ANALYZER_NONNULL = YES;
				CLANG_ANALYZER_NUMBER_OBJECT_CONVERSION = YES_AGGRESSIVE;
				CLANG_CXX_LANGUAGE_STANDARD = "gnu++20";
				CLANG_ENABLE_MODULES = YES;
				CLANG_ENABLE_OBJC_ARC = YES;
				CLANG_ENABLE_OBJC_WEAK = YES;
				CLANG_WARN_BLOCK_CAPTURE_AUTORELEASING = YES;
				CLANG_WARN_BOOL_CONVERSION = YES;
				CLANG_WARN_COMMA = YES;
				CLANG_WARN_CONSTANT_CONVERSION = YES;
				CLANG_WARN_DEPRECATED_OBJC_IMPLEMENTATIONS = YES;
				CLANG_WARN_DIRECT_OBJC_ISA_USAGE = YES_ERROR;
				CLANG_WARN_DOCUMENTATION_COMMENTS = YES;
				CLANG_WARN_EMPTY_BODY = YES;
				CLANG_WARN_ENUM_CONVERSION = YES;
				CLANG_WARN_INFINITE_RECURSION = YES;
				CLANG_WARN_INT_CONVERSION = YES;
				CLANG_WARN_NON_LITERAL_NULL_CONVERSION = YES;
				CLANG_WARN_OBJC_IMPLICIT_RETAIN_SELF = YES;
				CLANG_WARN_OBJC_LITERAL_CONVERSION = YES;
				CLANG_WARN_OBJC_ROOT_CLASS = YES_ERROR;
				CLANG_WARN_QUOTED_INCLUDE_IN_FRAMEWORK_HEADER = YES;
				CLANG_WARN_RANGE_LOOP_ANALYSIS = YES;
				CLANG_WARN_STRICT_PROTOTYPES = YES;
				CLANG_WARN_SUSPICIOUS_MOVE = YES;
				CLANG_WARN_UNGUARDED_AVAILABILITY = YES_AGGRESSIVE;
				CLANG_WARN_UNREACHABLE_CODE = YES;
				CLANG_WARN__DUPLICATE_METHOD_MATCH = YES;
				COPY_PHASE_STRIP = NO;
				DEBUG_INFORMATION_FORMAT = dwarf;
				ENABLE_STRICT_OBJC_MSGSEND = YES;
				ENABLE_TESTABILITY = YES;
				GCC_C_LANGUAGE_STANDARD = gnu11;
				GCC_DYNAMIC_NO_PIC = NO;
				GCC_NO_COMMON_BLOCKS = YES;
				GCC_OPTIMIZATION_LEVEL = 0;
				GCC_PREPROCESSOR_DEFINITIONS = (
					"DEBUG=1",
					"$(inherited)",
				);
				GCC_WARN_64_TO_32_BIT_CONVERSION = YES;
				GCC_WARN_ABOUT_RETURN_TYPE = YES_ERROR;
				GCC_WARN_UNDECLARED_SELECTOR = YES;
				GCC_WARN_UNINITIALIZED_AUTOS = YES_AGGRESSIVE;
				GCC_WARN_UNUSED_FUNCTION = YES;
				GCC_WARN_UNUSED_VARIABLE = YES;
				IPHONEOS_DEPLOYMENT_TARGET = 16.2;
				MTL_ENABLE_DEBUG_INFO = INCLUDE_SOURCE;
				MTL_FAST_MATH = YES;
				ONLY_ACTIVE_ARCH = YES;
				SDKROOT = iphoneos;
				SWIFT_ACTIVE_COMPILATION_CONDITIONS = DEBUG;
				SWIFT_OPTIMIZATION_LEVEL = "-Onone";
			};
			name = Debug;
		};
		AE1E19F92B94E0AC000EFCBE /* Release */ = {
			isa = XCBuildConfiguration;
			buildSettings = {
				ALWAYS_SEARCH_USER_PATHS = NO;
				CLANG_ANALYZER_NONNULL = YES;
				CLANG_ANALYZER_NUMBER_OBJECT_CONVERSION = YES_AGGRESSIVE;
				CLANG_CXX_LANGUAGE_STANDARD = "gnu++20";
				CLANG_ENABLE_MODULES = YES;
				CLANG_ENABLE_OBJC_ARC = YES;
				CLANG_ENABLE_OBJC_WEAK = YES;
				CLANG_WARN_BLOCK_CAPTURE_AUTORELEASING = YES;
				CLANG_WARN_BOOL_CONVERSION = YES;
				CLANG_WARN_COMMA = YES;
				CLANG_WARN_CONSTANT_CONVERSION = YES;
				CLANG_WARN_DEPRECATED_OBJC_IMPLEMENTATIONS = YES;
				CLANG_WARN_DIRECT_OBJC_ISA_USAGE = YES_ERROR;
				CLANG_WARN_DOCUMENTATION_COMMENTS = YES;
				CLANG_WARN_EMPTY_BODY = YES;
				CLANG_WARN_ENUM_CONVERSION = YES;
				CLANG_WARN_INFINITE_RECURSION = YES;
				CLANG_WARN_INT_CONVERSION = YES;
				CLANG_WARN_NON_LITERAL_NULL_CONVERSION = YES;
				CLANG_WARN_OBJC_IMPLICIT_RETAIN_SELF = YES;
				CLANG_WARN_OBJC_LITERAL_CONVERSION = YES;
				CLANG_WARN_OBJC_ROOT_CLASS = YES_ERROR;
				CLANG_WARN_QUOTED_INCLUDE_IN_FRAMEWORK_HEADER = YES;
				CLANG_WARN_RANGE_LOOP_ANALYSIS = YES;
				CLANG_WARN_STRICT_PROTOTYPES = YES;
				CLANG_WARN_SUSPICIOUS_MOVE = YES;
				CLANG_WARN_UNGUARDED_AVAILABILITY = YES_AGGRESSIVE;
				CLANG_WARN_UNREACHABLE_CODE = YES;
				CLANG_WARN__DUPLICATE_METHOD_MATCH = YES;
				COPY_PHASE_STRIP = NO;
				DEBUG_INFORMATION_FORMAT = "dwarf-with-dsym";
				ENABLE_NS_ASSERTIONS = NO;
				ENABLE_STRICT_OBJC_MSGSEND = YES;
				GCC_C_LANGUAGE_STANDARD = gnu11;
				GCC_NO_COMMON_BLOCKS = YES;
				GCC_WARN_64_TO_32_BIT_CONVERSION = YES;
				GCC_WARN_ABOUT_RETURN_TYPE = YES_ERROR;
				GCC_WARN_UNDECLARED_SELECTOR = YES;
				GCC_WARN_UNINITIALIZED_AUTOS = YES_AGGRESSIVE;
				GCC_WARN_UNUSED_FUNCTION = YES;
				GCC_WARN_UNUSED_VARIABLE = YES;
				IPHONEOS_DEPLOYMENT_TARGET = 16.2;
				MTL_ENABLE_DEBUG_INFO = NO;
				MTL_FAST_MATH = YES;
				SDKROOT = iphoneos;
				SWIFT_COMPILATION_MODE = wholemodule;
				SWIFT_OPTIMIZATION_LEVEL = "-O";
				VALIDATE_PRODUCT = YES;
			};
			name = Release;
		};
		AE1E19FB2B94E0AC000EFCBE /* Debug */ = {
			isa = XCBuildConfiguration;
			buildSettings = {
				ASSETCATALOG_COMPILER_APPICON_NAME = AppIcon;
				ASSETCATALOG_COMPILER_GLOBAL_ACCENT_COLOR_NAME = AccentColor;
				CODE_SIGN_STYLE = Automatic;
				CURRENT_PROJECT_VERSION = 1;
				GENERATE_INFOPLIST_FILE = YES;
				INFOPLIST_FILE = Storyboard_lesson_01/Info.plist;
				INFOPLIST_KEY_UIApplicationSupportsIndirectInputEvents = YES;
				INFOPLIST_KEY_UILaunchStoryboardName = LaunchScreen;
				INFOPLIST_KEY_UIMainStoryboardFile = Main;
				INFOPLIST_KEY_UISupportedInterfaceOrientations_iPad = "UIInterfaceOrientationPortrait UIInterfaceOrientationPortraitUpsideDown UIInterfaceOrientationLandscapeLeft UIInterfaceOrientationLandscapeRight";
				INFOPLIST_KEY_UISupportedInterfaceOrientations_iPhone = "UIInterfaceOrientationPortrait UIInterfaceOrientationLandscapeLeft UIInterfaceOrientationLandscapeRight";
				LD_RUNPATH_SEARCH_PATHS = (
					"$(inherited)",
					"@executable_path/Frameworks",
				);
				MARKETING_VERSION = 1.0;
				PRODUCT_BUNDLE_IDENTIFIER = "com.kobedev.Storyboard-lesson-01";
				PRODUCT_NAME = "$(TARGET_NAME)";
				SWIFT_EMIT_LOC_STRINGS = YES;
				SWIFT_VERSION = 5.0;
				TARGETED_DEVICE_FAMILY = "1,2";
			};
			name = Debug;
		};
		AE1E19FC2B94E0AC000EFCBE /* Release */ = {
			isa = XCBuildConfiguration;
			buildSettings = {
				ASSETCATALOG_COMPILER_APPICON_NAME = AppIcon;
				ASSETCATALOG_COMPILER_GLOBAL_ACCENT_COLOR_NAME = AccentColor;
				CODE_SIGN_STYLE = Automatic;
				CURRENT_PROJECT_VERSION = 1;
				GENERATE_INFOPLIST_FILE = YES;
				INFOPLIST_FILE = Storyboard_lesson_01/Info.plist;
				INFOPLIST_KEY_UIApplicationSupportsIndirectInputEvents = YES;
				INFOPLIST_KEY_UILaunchStoryboardName = LaunchScreen;
				INFOPLIST_KEY_UIMainStoryboardFile = Main;
				INFOPLIST_KEY_UISupportedInterfaceOrientations_iPad = "UIInterfaceOrientationPortrait UIInterfaceOrientationPortraitUpsideDown UIInterfaceOrientationLandscapeLeft UIInterfaceOrientationLandscapeRight";
				INFOPLIST_KEY_UISupportedInterfaceOrientations_iPhone = "UIInterfaceOrientationPortrait UIInterfaceOrientationLandscapeLeft UIInterfaceOrientationLandscapeRight";
				LD_RUNPATH_SEARCH_PATHS = (
					"$(inherited)",
					"@executable_path/Frameworks",
				);
				MARKETING_VERSION = 1.0;
				PRODUCT_BUNDLE_IDENTIFIER = "com.kobedev.Storyboard-lesson-01";
				PRODUCT_NAME = "$(TARGET_NAME)";
				SWIFT_EMIT_LOC_STRINGS = YES;
				SWIFT_VERSION = 5.0;
				TARGETED_DEVICE_FAMILY = "1,2";
			};
			name = Release;
		};
		AE1E19FE2B94E0AC000EFCBE /* Debug */ = {
			isa = XCBuildConfiguration;
			buildSettings = {
				ALWAYS_EMBED_SWIFT_STANDARD_LIBRARIES = YES;
				BUNDLE_LOADER = "$(TEST_HOST)";
				CODE_SIGN_STYLE = Automatic;
				CURRENT_PROJECT_VERSION = 1;
				GENERATE_INFOPLIST_FILE = YES;
				IPHONEOS_DEPLOYMENT_TARGET = 16.2;
				MARKETING_VERSION = 1.0;
				PRODUCT_BUNDLE_IDENTIFIER = "com.kobedev.Storyboard-lesson-01Tests";
				PRODUCT_NAME = "$(TARGET_NAME)";
				SWIFT_EMIT_LOC_STRINGS = NO;
				SWIFT_VERSION = 5.0;
				TARGETED_DEVICE_FAMILY = "1,2";
				TEST_HOST = "$(BUILT_PRODUCTS_DIR)/Storyboard_lesson_01.app/$(BUNDLE_EXECUTABLE_FOLDER_PATH)/Storyboard_lesson_01";
			};
			name = Debug;
		};
		AE1E19FF2B94E0AC000EFCBE /* Release */ = {
			isa = XCBuildConfiguration;
			buildSettings = {
				ALWAYS_EMBED_SWIFT_STANDARD_LIBRARIES = YES;
				BUNDLE_LOADER = "$(TEST_HOST)";
				CODE_SIGN_STYLE = Automatic;
				CURRENT_PROJECT_VERSION = 1;
				GENERATE_INFOPLIST_FILE = YES;
				IPHONEOS_DEPLOYMENT_TARGET = 16.2;
				MARKETING_VERSION = 1.0;
				PRODUCT_BUNDLE_IDENTIFIER = "com.kobedev.Storyboard-lesson-01Tests";
				PRODUCT_NAME = "$(TARGET_NAME)";
				SWIFT_EMIT_LOC_STRINGS = NO;
				SWIFT_VERSION = 5.0;
				TARGETED_DEVICE_FAMILY = "1,2";
				TEST_HOST = "$(BUILT_PRODUCTS_DIR)/Storyboard_lesson_01.app/$(BUNDLE_EXECUTABLE_FOLDER_PATH)/Storyboard_lesson_01";
			};
			name = Release;
		};
		AE1E1A012B94E0AC000EFCBE /* Debug */ = {
			isa = XCBuildConfiguration;
			buildSettings = {
				ALWAYS_EMBED_SWIFT_STANDARD_LIBRARIES = YES;
				CODE_SIGN_STYLE = Automatic;
				CURRENT_PROJECT_VERSION = 1;
				GENERATE_INFOPLIST_FILE = YES;
				MARKETING_VERSION = 1.0;
				PRODUCT_BUNDLE_IDENTIFIER = "com.kobedev.Storyboard-lesson-01UITests";
				PRODUCT_NAME = "$(TARGET_NAME)";
				SWIFT_EMIT_LOC_STRINGS = NO;
				SWIFT_VERSION = 5.0;
				TARGETED_DEVICE_FAMILY = "1,2";
				TEST_TARGET_NAME = Storyboard_lesson_01;
			};
			name = Debug;
		};
		AE1E1A022B94E0AC000EFCBE /* Release */ = {
			isa = XCBuildConfiguration;
			buildSettings = {
				ALWAYS_EMBED_SWIFT_STANDARD_LIBRARIES = YES;
				CODE_SIGN_STYLE = Automatic;
				CURRENT_PROJECT_VERSION = 1;
				GENERATE_INFOPLIST_FILE = YES;
				MARKETING_VERSION = 1.0;
				PRODUCT_BUNDLE_IDENTIFIER = "com.kobedev.Storyboard-lesson-01UITests";
				PRODUCT_NAME = "$(TARGET_NAME)";
				SWIFT_EMIT_LOC_STRINGS = NO;
				SWIFT_VERSION = 5.0;
				TARGETED_DEVICE_FAMILY = "1,2";
				TEST_TARGET_NAME = Storyboard_lesson_01;
			};
			name = Release;
		};
/* End XCBuildConfiguration section */

/* Begin XCConfigurationList section */
		AE1E19CB2B94E0A9000EFCBE /* Build configuration list for PBXProject "Storyboard_lesson_01" */ = {
			isa = XCConfigurationList;
			buildConfigurations = (
				AE1E19F82B94E0AC000EFCBE /* Debug */,
				AE1E19F92B94E0AC000EFCBE /* Release */,
			);
			defaultConfigurationIsVisible = 0;
			defaultConfigurationName = Release;
		};
		AE1E19FA2B94E0AC000EFCBE /* Build configuration list for PBXNativeTarget "Storyboard_lesson_01" */ = {
			isa = XCConfigurationList;
			buildConfigurations = (
				AE1E19FB2B94E0AC000EFCBE /* Debug */,
				AE1E19FC2B94E0AC000EFCBE /* Release */,
			);
			defaultConfigurationIsVisible = 0;
			defaultConfigurationName = Release;
		};
		AE1E19FD2B94E0AC000EFCBE /* Build configuration list for PBXNativeTarget "Storyboard_lesson_01Tests" */ = {
			isa = XCConfigurationList;
			buildConfigurations = (
				AE1E19FE2B94E0AC000EFCBE /* Debug */,
				AE1E19FF2B94E0AC000EFCBE /* Release */,
			);
			defaultConfigurationIsVisible = 0;
			defaultConfigurationName = Release;
		};
		AE1E1A002B94E0AC000EFCBE /* Build configuration list for PBXNativeTarget "Storyboard_lesson_01UITests" */ = {
			isa = XCConfigurationList;
			buildConfigurations = (
				AE1E1A012B94E0AC000EFCBE /* Debug */,
				AE1E1A022B94E0AC000EFCBE /* Release */,
			);
			defaultConfigurationIsVisible = 0;
			defaultConfigurationName = Release;
		};
/* End XCConfigurationList section */
	};
	rootObject = AE1E19C82B94E0A9000EFCBE /* Project object */;
}
